
Microsoft Visual Studio Solution File, Format Version 12.00
# Visual Studio 15
VisualStudioVersion = 15.0.27130.2010
MinimumVisualStudioVersion = 10.0.40219.1
Project("{FAE04EC0-301F-11D3-BF4B-00C04F79EFBC}") = "saveThePig", "saveThePig\saveThePig.csproj", "{63330B8F-5A19-4588-969F-DD72DAFF2750}"
EndProject
Global
	GlobalSection(SolutionConfigurationPlatforms) = preSolution
		Debug|Any CPU = Debug|Any CPU
		Release|Any CPU = Release|Any CPU
	EndGlobalSection
	GlobalSection(ProjectConfigurationPlatforms) = postSolution
		{63330B8F-5A19-4588-969F-DD72DAFF2750}.Debug|Any CPU.ActiveCfg = Debug|Any CPU
		{63330B8F-5A19-4588-969F-DD72DAFF2750}.Debug|Any CPU.Build.0 = Debug|Any CPU
		{63330B8F-5A19-4588-969F-DD72DAFF2750}.Release|Any CPU.ActiveCfg = Release|Any CPU
		{63330B8F-5A19-4588-969F-DD72DAFF2750}.Release|Any CPU.Build.0 = Release|Any CPU
	EndGlobalSection
	GlobalSection(SolutionProperties) = preSolution
		HideSolutionNode = FALSE
	EndGlobalSection
	GlobalSection(ExtensibilityGlobals) = postSolution
		SolutionGuid = {0200C4FA-802C-43F7-821D-345888F0C718}
	EndGlobalSection
EndGlobal
